
Microsoft Visual Studio Solution File, Format Version 12.00
# Visual Studio Version 16
VisualStudioVersion = 16.0.30621.155
MinimumVisualStudioVersion = 10.0.40219.1
Project("{FAE04EC0-301F-11D3-BF4B-00C04F79EFBC}") = "RazorPagesMovie", "RazorPagesMovie.csproj", "{40EFFCB8-8841-4185-8F7E-F9AC266EDCE9}"
EndProject
Global
	GlobalSection(SolutionConfigurationPlatforms) = preSolution
		Debug|Any CPU = Debug|Any CPU
		Release|Any CPU = Release|Any CPU
	EndGlobalSection
	GlobalSection(ProjectConfigurationPlatforms) = postSolution
		{40EFFCB8-8841-4185-8F7E-F9AC266EDCE9}.Debug|Any CPU.ActiveCfg = Debug|Any CPU
		{40EFFCB8-8841-4185-8F7E-F9AC266EDCE9}.Debug|Any CPU.Build.0 = Debug|Any CPU
		{40EFFCB8-8841-4185-8F7E-F9AC266EDCE9}.Release|Any CPU.ActiveCfg = Release|Any CPU
		{40EFFCB8-8841-4185-8F7E-F9AC266EDCE9}.Release|Any CPU.Build.0 = Release|Any CPU
	EndGlobalSection
	GlobalSection(SolutionProperties) = preSolution
		HideSolutionNode = FALSE
	EndGlobalSection
	GlobalSection(ExtensibilityGlobals) = postSolution
		SolutionGuid = {D952B293-549E-4A8C-A9C9-1BAE8037379C}
	EndGlobalSection
EndGlobal
